
Microsoft Visual Studio Solution File, Format Version 12.00
# Visual Studio Version 16
VisualStudioVersion = 16.0.29709.97
MinimumVisualStudioVersion = 10.0.40219.1
Project("{FAE04EC0-301F-11D3-BF4B-00C04F79EFBC}") = "Tests", "Tests\Tests.csproj", "{12B24AAD-ABBB-4383-990C-314F89B6F9D5}"
EndProject
Project("{FAE04EC0-301F-11D3-BF4B-00C04F79EFBC}") = "TestFramework", "TestFramework\TestFramework.csproj", "{2165DAAC-E5AE-4802-B5B4-D27039BD9931}"
EndProject
Global
	GlobalSection(SolutionConfigurationPlatforms) = preSolution
		Debug|Any CPU = Debug|Any CPU
		Release|Any CPU = Release|Any CPU
	EndGlobalSection
	GlobalSection(ProjectConfigurationPlatforms) = postSolution
		{12B24AAD-ABBB-4383-990C-314F89B6F9D5}.Debug|Any CPU.ActiveCfg = Debug|Any CPU
		{12B24AAD-ABBB-4383-990C-314F89B6F9D5}.Debug|Any CPU.Build.0 = Debug|Any CPU
		{12B24AAD-ABBB-4383-990C-314F89B6F9D5}.Release|Any CPU.ActiveCfg = Release|Any CPU
		{12B24AAD-ABBB-4383-990C-314F89B6F9D5}.Release|Any CPU.Build.0 = Release|Any CPU
		{2165DAAC-E5AE-4802-B5B4-D27039BD9931}.Debug|Any CPU.ActiveCfg = Debug|Any CPU
		{2165DAAC-E5AE-4802-B5B4-D27039BD9931}.Debug|Any CPU.Build.0 = Debug|Any CPU
		{2165DAAC-E5AE-4802-B5B4-D27039BD9931}.Release|Any CPU.ActiveCfg = Release|Any CPU
		{2165DAAC-E5AE-4802-B5B4-D27039BD9931}.Release|Any CPU.Build.0 = Release|Any CPU
	EndGlobalSection
	GlobalSection(SolutionProperties) = preSolution
		HideSolutionNode = FALSE
	EndGlobalSection
	GlobalSection(ExtensibilityGlobals) = postSolution
		SolutionGuid = {E78FF17C-5DF7-403D-84CC-698C3273C88F}
	EndGlobalSection
EndGlobal
